// !$*UTF8*$!
{
	archiveVersion = 1;
	classes = {
	};
	objectVersion = 50;
	objects = {

/* Begin PBXBuildFile section */
		DCA96E592507D3A400579CC8 /* HomeTabViewController.swift in Sources */ = {isa = PBXBuildFile; fileRef = DCA96E582507D3A400579CC8 /* HomeTabViewController.swift */; };
		DCA96E5C2507D6AF00579CC8 /* HomeDependencyManager.swift in Sources */ = {isa = PBXBuildFile; fileRef = DCA96E5B2507D6AF00579CC8 /* HomeDependencyManager.swift */; };
		DCA96E632507D97400579CC8 /* PokedexFeature.framework in Frameworks */ = {isa = PBXBuildFile; fileRef = DCA96E622507D97400579CC8 /* PokedexFeature.framework */; };
		DCA96E642507D97400579CC8 /* PokedexFeature.framework in Embed Frameworks */ = {isa = PBXBuildFile; fileRef = DCA96E622507D97400579CC8 /* PokedexFeature.framework */; settings = {ATTRIBUTES = (CodeSignOnCopy, RemoveHeadersOnCopy, ); }; };
		DCA96E682507DB7A00579CC8 /* PokemonInteractor.swift in Sources */ = {isa = PBXBuildFile; fileRef = DCA96E672507DB7A00579CC8 /* PokemonInteractor.swift */; };
		DCA96E6A2507DC3E00579CC8 /* PokemonUIComposer.swift in Sources */ = {isa = PBXBuildFile; fileRef = DCA96E692507DC3E00579CC8 /* PokemonUIComposer.swift */; };
		DCF011BA250708FC006A943A /* HomeNavViewController.swift in Sources */ = {isa = PBXBuildFile; fileRef = DCF011B9250708FC006A943A /* HomeNavViewController.swift */; };
		DCFFF1EF2507001900C3E436 /* AppDelegate.swift in Sources */ = {isa = PBXBuildFile; fileRef = DCFFF1EE2507001900C3E436 /* AppDelegate.swift */; };
		DCFFF1F12507001900C3E436 /* SceneDelegate.swift in Sources */ = {isa = PBXBuildFile; fileRef = DCFFF1F02507001900C3E436 /* SceneDelegate.swift */; };
		DCFFF1F32507001900C3E436 /* PokemonsViewController.swift in Sources */ = {isa = PBXBuildFile; fileRef = DCFFF1F22507001900C3E436 /* PokemonsViewController.swift */; };
		DCFFF1F82507001900C3E436 /* Home.storyboard in Resources */ = {isa = PBXBuildFile; fileRef = DCFFF1F62507001900C3E436 /* Home.storyboard */; };
		DCFFF1FA2507001A00C3E436 /* Assets.xcassets in Resources */ = {isa = PBXBuildFile; fileRef = DCFFF1F92507001A00C3E436 /* Assets.xcassets */; };
		DCFFF1FD2507001A00C3E436 /* LaunchScreen.storyboard in Resources */ = {isa = PBXBuildFile; fileRef = DCFFF1FB2507001A00C3E436 /* LaunchScreen.storyboard */; };
		DCFFF2082507001A00C3E436 /* PokeDexAppTests.swift in Sources */ = {isa = PBXBuildFile; fileRef = DCFFF2072507001A00C3E436 /* PokeDexAppTests.swift */; };
		DCFFF2452507048900C3E436 /* GradientView.swift in Sources */ = {isa = PBXBuildFile; fileRef = DCFFF2442507048900C3E436 /* GradientView.swift */; };
		DCFFF2492507064700C3E436 /* SplashViewController.swift in Sources */ = {isa = PBXBuildFile; fileRef = DCFFF2482507064700C3E436 /* SplashViewController.swift */; };
		DCFFF24B2507065900C3E436 /* Splash.storyboard in Resources */ = {isa = PBXBuildFile; fileRef = DCFFF24A2507065900C3E436 /* Splash.storyboard */; };
		DCFFF24F250706FD00C3E436 /* Storyboard+instanitate.swift in Sources */ = {isa = PBXBuildFile; fileRef = DCFFF24E250706FD00C3E436 /* Storyboard+instanitate.swift */; };
/* End PBXBuildFile section */

/* Begin PBXContainerItemProxy section */
		DCFFF2042507001A00C3E436 /* PBXContainerItemProxy */ = {
			isa = PBXContainerItemProxy;
			containerPortal = DCFFF1E32507001900C3E436 /* Project object */;
			proxyType = 1;
			remoteGlobalIDString = DCFFF1EA2507001900C3E436;
			remoteInfo = PokeDexApp;
		};
/* End PBXContainerItemProxy section */

/* Begin PBXCopyFilesBuildPhase section */
		DCA96E652507D97400579CC8 /* Embed Frameworks */ = {
			isa = PBXCopyFilesBuildPhase;
			buildActionMask = 2147483647;
			dstPath = "";
			dstSubfolderSpec = 10;
			files = (
				DCA96E642507D97400579CC8 /* PokedexFeature.framework in Embed Frameworks */,
			);
			name = "Embed Frameworks";
			runOnlyForDeploymentPostprocessing = 0;
		};
/* End PBXCopyFilesBuildPhase section */

/* Begin PBXFileReference section */
		DCA96E582507D3A400579CC8 /* HomeTabViewController.swift */ = {isa = PBXFileReference; lastKnownFileType = sourcecode.swift; path = HomeTabViewController.swift; sourceTree = "<group>"; };
		DCA96E5B2507D6AF00579CC8 /* HomeDependencyManager.swift */ = {isa = PBXFileReference; lastKnownFileType = sourcecode.swift; path = HomeDependencyManager.swift; sourceTree = "<group>"; };
		DCA96E5E2507D6F100579CC8 /* PokedexFeature.framework */ = {isa = PBXFileReference; explicitFileType = wrapper.framework; path = PokedexFeature.framework; sourceTree = BUILT_PRODUCTS_DIR; };
		DCA96E622507D97400579CC8 /* PokedexFeature.framework */ = {isa = PBXFileReference; explicitFileType = wrapper.framework; path = PokedexFeature.framework; sourceTree = BUILT_PRODUCTS_DIR; };
		DCA96E672507DB7A00579CC8 /* PokemonInteractor.swift */ = {isa = PBXFileReference; lastKnownFileType = sourcecode.swift; path = PokemonInteractor.swift; sourceTree = "<group>"; };
		DCA96E692507DC3E00579CC8 /* PokemonUIComposer.swift */ = {isa = PBXFileReference; lastKnownFileType = sourcecode.swift; path = PokemonUIComposer.swift; sourceTree = "<group>"; };
		DCF011B9250708FC006A943A /* HomeNavViewController.swift */ = {isa = PBXFileReference; lastKnownFileType = sourcecode.swift; path = HomeNavViewController.swift; sourceTree = "<group>"; };
		DCFFF1EB2507001900C3E436 /* PokeDexApp.app */ = {isa = PBXFileReference; explicitFileType = wrapper.application; includeInIndex = 0; path = PokeDexApp.app; sourceTree = BUILT_PRODUCTS_DIR; };
		DCFFF1EE2507001900C3E436 /* AppDelegate.swift */ = {isa = PBXFileReference; lastKnownFileType = sourcecode.swift; path = AppDelegate.swift; sourceTree = "<group>"; };
		DCFFF1F02507001900C3E436 /* SceneDelegate.swift */ = {isa = PBXFileReference; lastKnownFileType = sourcecode.swift; path = SceneDelegate.swift; sourceTree = "<group>"; };
		DCFFF1F22507001900C3E436 /* PokemonsViewController.swift */ = {isa = PBXFileReference; lastKnownFileType = sourcecode.swift; path = PokemonsViewController.swift; sourceTree = "<group>"; };
		DCFFF1F72507001900C3E436 /* Base */ = {isa = PBXFileReference; lastKnownFileType = file.storyboard; name = Base; path = Base.lproj/Home.storyboard; sourceTree = "<group>"; };
		DCFFF1F92507001A00C3E436 /* Assets.xcassets */ = {isa = PBXFileReference; lastKnownFileType = folder.assetcatalog; path = Assets.xcassets; sourceTree = "<group>"; };
		DCFFF1FC2507001A00C3E436 /* Base */ = {isa = PBXFileReference; lastKnownFileType = file.storyboard; name = Base; path = Base.lproj/LaunchScreen.storyboard; sourceTree = "<group>"; };
		DCFFF1FE2507001A00C3E436 /* Info.plist */ = {isa = PBXFileReference; lastKnownFileType = text.plist.xml; path = Info.plist; sourceTree = "<group>"; };
		DCFFF2032507001A00C3E436 /* PokeDexAppTests.xctest */ = {isa = PBXFileReference; explicitFileType = wrapper.cfbundle; includeInIndex = 0; path = PokeDexAppTests.xctest; sourceTree = BUILT_PRODUCTS_DIR; };
		DCFFF2072507001A00C3E436 /* PokeDexAppTests.swift */ = {isa = PBXFileReference; lastKnownFileType = sourcecode.swift; path = PokeDexAppTests.swift; sourceTree = "<group>"; };
		DCFFF2092507001A00C3E436 /* Info.plist */ = {isa = PBXFileReference; lastKnownFileType = text.plist.xml; path = Info.plist; sourceTree = "<group>"; };
		DCFFF2442507048900C3E436 /* GradientView.swift */ = {isa = PBXFileReference; lastKnownFileType = sourcecode.swift; path = GradientView.swift; sourceTree = "<group>"; };
		DCFFF2482507064700C3E436 /* SplashViewController.swift */ = {isa = PBXFileReference; lastKnownFileType = sourcecode.swift; path = SplashViewController.swift; sourceTree = "<group>"; };
		DCFFF24A2507065900C3E436 /* Splash.storyboard */ = {isa = PBXFileReference; lastKnownFileType = file.storyboard; path = Splash.storyboard; sourceTree = "<group>"; };
		DCFFF24E250706FD00C3E436 /* Storyboard+instanitate.swift */ = {isa = PBXFileReference; lastKnownFileType = sourcecode.swift; path = "Storyboard+instanitate.swift"; sourceTree = "<group>"; };
/* End PBXFileReference section */

/* Begin PBXFrameworksBuildPhase section */
		DCFFF1E82507001900C3E436 /* Frameworks */ = {
			isa = PBXFrameworksBuildPhase;
			buildActionMask = 2147483647;
			files = (
				DCA96E632507D97400579CC8 /* PokedexFeature.framework in Frameworks */,
			);
			runOnlyForDeploymentPostprocessing = 0;
		};
		DCFFF2002507001A00C3E436 /* Frameworks */ = {
			isa = PBXFrameworksBuildPhase;
			buildActionMask = 2147483647;
			files = (
			);
			runOnlyForDeploymentPostprocessing = 0;
		};
/* End PBXFrameworksBuildPhase section */

/* Begin PBXGroup section */
		DCA96E5A2507D69100579CC8 /* DependencyManagar */ = {
			isa = PBXGroup;
			children = (
				DCA96E5B2507D6AF00579CC8 /* HomeDependencyManager.swift */,
				DCA96E692507DC3E00579CC8 /* PokemonUIComposer.swift */,
			);
			path = DependencyManagar;
			sourceTree = "<group>";
		};
		DCA96E5D2507D6F100579CC8 /* Frameworks */ = {
			isa = PBXGroup;
			children = (
				DCA96E622507D97400579CC8 /* PokedexFeature.framework */,
				DCA96E5E2507D6F100579CC8 /* PokedexFeature.framework */,
			);
			name = Frameworks;
			sourceTree = "<group>";
		};
		DCA96E662507DB2000579CC8 /* Pokemon */ = {
			isa = PBXGroup;
			children = (
				DCFFF1F22507001900C3E436 /* PokemonsViewController.swift */,
				DCA96E672507DB7A00579CC8 /* PokemonInteractor.swift */,
			);
			path = Pokemon;
			sourceTree = "<group>";
		};
		DCFFF1E22507001900C3E436 = {
			isa = PBXGroup;
			children = (
				DCFFF1ED2507001900C3E436 /* PokeDexApp */,
				DCFFF2062507001A00C3E436 /* PokeDexAppTests */,
				DCFFF1EC2507001900C3E436 /* Products */,
				DCA96E5D2507D6F100579CC8 /* Frameworks */,
			);
			sourceTree = "<group>";
		};
		DCFFF1EC2507001900C3E436 /* Products */ = {
			isa = PBXGroup;
			children = (
				DCFFF1EB2507001900C3E436 /* PokeDexApp.app */,
				DCFFF2032507001A00C3E436 /* PokeDexAppTests.xctest */,
			);
			name = Products;
			sourceTree = "<group>";
		};
		DCFFF1ED2507001900C3E436 /* PokeDexApp */ = {
			isa = PBXGroup;
			children = (
				DCA96E5A2507D69100579CC8 /* DependencyManagar */,
				DCFFF2432507022C00C3E436 /* View */,
				DCFFF2422507021F00C3E436 /* Delegate */,
				DCFFF1F92507001A00C3E436 /* Assets.xcassets */,
				DCFFF1FB2507001A00C3E436 /* LaunchScreen.storyboard */,
				DCFFF1FE2507001A00C3E436 /* Info.plist */,
			);
			path = PokeDexApp;
			sourceTree = "<group>";
		};
		DCFFF2062507001A00C3E436 /* PokeDexAppTests */ = {
			isa = PBXGroup;
			children = (
				DCFFF2072507001A00C3E436 /* PokeDexAppTests.swift */,
				DCFFF2092507001A00C3E436 /* Info.plist */,
			);
			path = PokeDexAppTests;
			sourceTree = "<group>";
		};
		DCFFF2422507021F00C3E436 /* Delegate */ = {
			isa = PBXGroup;
			children = (
				DCFFF1EE2507001900C3E436 /* AppDelegate.swift */,
				DCFFF1F02507001900C3E436 /* SceneDelegate.swift */,
			);
			path = Delegate;
			sourceTree = "<group>";
		};
		DCFFF2432507022C00C3E436 /* View */ = {
			isa = PBXGroup;
			children = (
				DCFFF24D250706EA00C3E436 /* Helpers */,
				DCFFF2502507072700C3E436 /* Home */,
				DCFFF24C2507065E00C3E436 /* Splash */,
			);
			path = View;
			sourceTree = "<group>";
		};
		DCFFF24C2507065E00C3E436 /* Splash */ = {
			isa = PBXGroup;
			children = (
				DCFFF24A2507065900C3E436 /* Splash.storyboard */,
				DCFFF2482507064700C3E436 /* SplashViewController.swift */,
			);
			path = Splash;
			sourceTree = "<group>";
		};
		DCFFF24D250706EA00C3E436 /* Helpers */ = {
			isa = PBXGroup;
			children = (
				DCFFF2442507048900C3E436 /* GradientView.swift */,
				DCFFF24E250706FD00C3E436 /* Storyboard+instanitate.swift */,
			);
			path = Helpers;
			sourceTree = "<group>";
		};
		DCFFF2502507072700C3E436 /* Home */ = {
			isa = PBXGroup;
			children = (
				DCA96E662507DB2000579CC8 /* Pokemon */,
				DCFFF1F62507001900C3E436 /* Home.storyboard */,
				DCF011B9250708FC006A943A /* HomeNavViewController.swift */,
				DCA96E582507D3A400579CC8 /* HomeTabViewController.swift */,
			);
			path = Home;
			sourceTree = "<group>";
		};
/* End PBXGroup section */

/* Begin PBXNativeTarget section */
		DCFFF1EA2507001900C3E436 /* PokeDexApp */ = {
			isa = PBXNativeTarget;
			buildConfigurationList = DCFFF20C2507001A00C3E436 /* Build configuration list for PBXNativeTarget "PokeDexApp" */;
			buildPhases = (
				DCFFF1E72507001900C3E436 /* Sources */,
				DCFFF1E82507001900C3E436 /* Frameworks */,
				DCFFF1E92507001900C3E436 /* Resources */,
				DCA96E652507D97400579CC8 /* Embed Frameworks */,
			);
			buildRules = (
			);
			dependencies = (
			);
			name = PokeDexApp;
			productName = PokeDexApp;
			productReference = DCFFF1EB2507001900C3E436 /* PokeDexApp.app */;
			productType = "com.apple.product-type.application";
		};
		DCFFF2022507001A00C3E436 /* PokeDexAppTests */ = {
			isa = PBXNativeTarget;
			buildConfigurationList = DCFFF20F2507001A00C3E436 /* Build configuration list for PBXNativeTarget "PokeDexAppTests" */;
			buildPhases = (
				DCFFF1FF2507001A00C3E436 /* Sources */,
				DCFFF2002507001A00C3E436 /* Frameworks */,
				DCFFF2012507001A00C3E436 /* Resources */,
			);
			buildRules = (
			);
			dependencies = (
				DCFFF2052507001A00C3E436 /* PBXTargetDependency */,
			);
			name = PokeDexAppTests;
			productName = PokeDexAppTests;
			productReference = DCFFF2032507001A00C3E436 /* PokeDexAppTests.xctest */;
			productType = "com.apple.product-type.bundle.unit-test";
		};
/* End PBXNativeTarget section */

/* Begin PBXProject section */
		DCFFF1E32507001900C3E436 /* Project object */ = {
			isa = PBXProject;
			attributes = {
				LastSwiftUpdateCheck = 1160;
				LastUpgradeCheck = 1160;
				ORGANIZATIONNAME = "Gustavo Londono";
				TargetAttributes = {
					DCFFF1EA2507001900C3E436 = {
						CreatedOnToolsVersion = 11.6;
					};
					DCFFF2022507001A00C3E436 = {
						CreatedOnToolsVersion = 11.6;
						TestTargetID = DCFFF1EA2507001900C3E436;
					};
				};
			};
			buildConfigurationList = DCFFF1E62507001900C3E436 /* Build configuration list for PBXProject "PokeDexApp" */;
			compatibilityVersion = "Xcode 9.3";
			developmentRegion = en;
			hasScannedForEncodings = 0;
			knownRegions = (
				en,
				Base,
			);
			mainGroup = DCFFF1E22507001900C3E436;
			productRefGroup = DCFFF1EC2507001900C3E436 /* Products */;
			projectDirPath = "";
			projectRoot = "";
			targets = (
				DCFFF1EA2507001900C3E436 /* PokeDexApp */,
				DCFFF2022507001A00C3E436 /* PokeDexAppTests */,
			);
		};
/* End PBXProject section */

/* Begin PBXResourcesBuildPhase section */
		DCFFF1E92507001900C3E436 /* Resources */ = {
			isa = PBXResourcesBuildPhase;
			buildActionMask = 2147483647;
			files = (
				DCFFF1FD2507001A00C3E436 /* LaunchScreen.storyboard in Resources */,
				DCFFF1FA2507001A00C3E436 /* Assets.xcassets in Resources */,
				DCFFF24B2507065900C3E436 /* Splash.storyboard in Resources */,
				DCFFF1F82507001900C3E436 /* Home.storyboard in Resources */,
			);
			runOnlyForDeploymentPostprocessing = 0;
		};
		DCFFF2012507001A00C3E436 /* Resources */ = {
			isa = PBXResourcesBuildPhase;
			buildActionMask = 2147483647;
			files = (
			);
			runOnlyForDeploymentPostprocessing = 0;
		};
/* End PBXResourcesBuildPhase section */

/* Begin PBXSourcesBuildPhase section */
		DCFFF1E72507001900C3E436 /* Sources */ = {
			isa = PBXSourcesBuildPhase;
			buildActionMask = 2147483647;
			files = (
				DCFFF1F32507001900C3E436 /* PokemonsViewController.swift in Sources */,
				DCFFF24F250706FD00C3E436 /* Storyboard+instanitate.swift in Sources */,
				DCA96E5C2507D6AF00579CC8 /* HomeDependencyManager.swift in Sources */,
				DCF011BA250708FC006A943A /* HomeNavViewController.swift in Sources */,
				DCFFF2492507064700C3E436 /* SplashViewController.swift in Sources */,
				DCFFF2452507048900C3E436 /* GradientView.swift in Sources */,
				DCA96E682507DB7A00579CC8 /* PokemonInteractor.swift in Sources */,
				DCA96E592507D3A400579CC8 /* HomeTabViewController.swift in Sources */,
				DCFFF1EF2507001900C3E436 /* AppDelegate.swift in Sources */,
				DCFFF1F12507001900C3E436 /* SceneDelegate.swift in Sources */,
				DCA96E6A2507DC3E00579CC8 /* PokemonUIComposer.swift in Sources */,
			);
			runOnlyForDeploymentPostprocessing = 0;
		};
		DCFFF1FF2507001A00C3E436 /* Sources */ = {
			isa = PBXSourcesBuildPhase;
			buildActionMask = 2147483647;
			files = (
				DCFFF2082507001A00C3E436 /* PokeDexAppTests.swift in Sources */,
			);
			runOnlyForDeploymentPostprocessing = 0;
		};
/* End PBXSourcesBuildPhase section */

/* Begin PBXTargetDependency section */
		DCFFF2052507001A00C3E436 /* PBXTargetDependency */ = {
			isa = PBXTargetDependency;
			target = DCFFF1EA2507001900C3E436 /* PokeDexApp */;
			targetProxy = DCFFF2042507001A00C3E436 /* PBXContainerItemProxy */;
		};
/* End PBXTargetDependency section */

/* Begin PBXVariantGroup section */
		DCFFF1F62507001900C3E436 /* Home.storyboard */ = {
			isa = PBXVariantGroup;
			children = (
				DCFFF1F72507001900C3E436 /* Base */,
			);
			name = Home.storyboard;
			sourceTree = "<group>";
		};
		DCFFF1FB2507001A00C3E436 /* LaunchScreen.storyboard */ = {
			isa = PBXVariantGroup;
			children = (
				DCFFF1FC2507001A00C3E436 /* Base */,
			);
			name = LaunchScreen.storyboard;
			sourceTree = "<group>";
		};
/* End PBXVariantGroup section */

/* Begin XCBuildConfiguration section */
		DCFFF20A2507001A00C3E436 /* Debug */ = {
			isa = XCBuildConfiguration;
			buildSettings = {
				ALWAYS_SEARCH_USER_PATHS = NO;
				CLANG_ANALYZER_NONNULL = YES;
				CLANG_ANALYZER_NUMBER_OBJECT_CONVERSION = YES_AGGRESSIVE;
				CLANG_CXX_LANGUAGE_STANDARD = "gnu++14";
				CLANG_CXX_LIBRARY = "libc++";
				CLANG_ENABLE_MODULES = YES;
				CLANG_ENABLE_OBJC_ARC = YES;
				CLANG_ENABLE_OBJC_WEAK = YES;
				CLANG_WARN_BLOCK_CAPTURE_AUTORELEASING = YES;
				CLANG_WARN_BOOL_CONVERSION = YES;
				CLANG_WARN_COMMA = YES;
				CLANG_WARN_CONSTANT_CONVERSION = YES;
				CLANG_WARN_DEPRECATED_OBJC_IMPLEMENTATIONS = YES;
				CLANG_WARN_DIRECT_OBJC_ISA_USAGE = YES_ERROR;
				CLANG_WARN_DOCUMENTATION_COMMENTS = YES;
				CLANG_WARN_EMPTY_BODY = YES;
				CLANG_WARN_ENUM_CONVERSION = YES;
				CLANG_WARN_INFINITE_RECURSION = YES;
				CLANG_WARN_INT_CONVERSION = YES;
				CLANG_WARN_NON_LITERAL_NULL_CONVERSION = YES;
				CLANG_WARN_OBJC_IMPLICIT_RETAIN_SELF = YES;
				CLANG_WARN_OBJC_LITERAL_CONVERSION = YES;
				CLANG_WARN_OBJC_ROOT_CLASS = YES_ERROR;
				CLANG_WARN_RANGE_LOOP_ANALYSIS = YES;
				CLANG_WARN_STRICT_PROTOTYPES = YES;
				CLANG_WARN_SUSPICIOUS_MOVE = YES;
				CLANG_WARN_UNGUARDED_AVAILABILITY = YES_AGGRESSIVE;
				CLANG_WARN_UNREACHABLE_CODE = YES;
				CLANG_WARN__DUPLICATE_METHOD_MATCH = YES;
				COPY_PHASE_STRIP = NO;
				DEBUG_INFORMATION_FORMAT = dwarf;
				ENABLE_STRICT_OBJC_MSGSEND = YES;
				ENABLE_TESTABILITY = YES;
				GCC_C_LANGUAGE_STANDARD = gnu11;
				GCC_DYNAMIC_NO_PIC = NO;
				GCC_NO_COMMON_BLOCKS = YES;
				GCC_OPTIMIZATION_LEVEL = 0;
				GCC_PREPROCESSOR_DEFINITIONS = (
					"DEBUG=1",
					"$(inherited)",
				);
				GCC_WARN_64_TO_32_BIT_CONVERSION = YES;
				GCC_WARN_ABOUT_RETURN_TYPE = YES_ERROR;
				GCC_WARN_UNDECLARED_SELECTOR = YES;
				GCC_WARN_UNINITIALIZED_AUTOS = YES_AGGRESSIVE;
				GCC_WARN_UNUSED_FUNCTION = YES;
				GCC_WARN_UNUSED_VARIABLE = YES;
				IPHONEOS_DEPLOYMENT_TARGET = 13.6;
				MTL_ENABLE_DEBUG_INFO = INCLUDE_SOURCE;
				MTL_FAST_MATH = YES;
				ONLY_ACTIVE_ARCH = YES;
				SDKROOT = iphoneos;
				SWIFT_ACTIVE_COMPILATION_CONDITIONS = DEBUG;
				SWIFT_OPTIMIZATION_LEVEL = "-Onone";
			};
			name = Debug;
		};
		DCFFF20B2507001A00C3E436 /* Release */ = {
			isa = XCBuildConfiguration;
			buildSettings = {
				ALWAYS_SEARCH_USER_PATHS = NO;
				CLANG_ANALYZER_NONNULL = YES;
				CLANG_ANALYZER_NUMBER_OBJECT_CONVERSION = YES_AGGRESSIVE;
				CLANG_CXX_LANGUAGE_STANDARD = "gnu++14";
				CLANG_CXX_LIBRARY = "libc++";
				CLANG_ENABLE_MODULES = YES;
				CLANG_ENABLE_OBJC_ARC = YES;
				CLANG_ENABLE_OBJC_WEAK = YES;
				CLANG_WARN_BLOCK_CAPTURE_AUTORELEASING = YES;
				CLANG_WARN_BOOL_CONVERSION = YES;
				CLANG_WARN_COMMA = YES;
				CLANG_WARN_CONSTANT_CONVERSION = YES;
				CLANG_WARN_DEPRECATED_OBJC_IMPLEMENTATIONS = YES;
				CLANG_WARN_DIRECT_OBJC_ISA_USAGE = YES_ERROR;
				CLANG_WARN_DOCUMENTATION_COMMENTS = YES;
				CLANG_WARN_EMPTY_BODY = YES;
				CLANG_WARN_ENUM_CONVERSION = YES;
				CLANG_WARN_INFINITE_RECURSION = YES;
				CLANG_WARN_INT_CONVERSION = YES;
				CLANG_WARN_NON_LITERAL_NULL_CONVERSION = YES;
				CLANG_WARN_OBJC_IMPLICIT_RETAIN_SELF = YES;
				CLANG_WARN_OBJC_LITERAL_CONVERSION = YES;
				CLANG_WARN_OBJC_ROOT_CLASS = YES_ERROR;
				CLANG_WARN_RANGE_LOOP_ANALYSIS = YES;
				CLANG_WARN_STRICT_PROTOTYPES = YES;
				CLANG_WARN_SUSPICIOUS_MOVE = YES;
				CLANG_WARN_UNGUARDED_AVAILABILITY = YES_AGGRESSIVE;
				CLANG_WARN_UNREACHABLE_CODE = YES;
				CLANG_WARN__DUPLICATE_METHOD_MATCH = YES;
				COPY_PHASE_STRIP = NO;
				DEBUG_INFORMATION_FORMAT = "dwarf-with-dsym";
				ENABLE_NS_ASSERTIONS = NO;
				ENABLE_STRICT_OBJC_MSGSEND = YES;
				GCC_C_LANGUAGE_STANDARD = gnu11;
				GCC_NO_COMMON_BLOCKS = YES;
				GCC_WARN_64_TO_32_BIT_CONVERSION = YES;
				GCC_WARN_ABOUT_RETURN_TYPE = YES_ERROR;
				GCC_WARN_UNDECLARED_SELECTOR = YES;
				GCC_WARN_UNINITIALIZED_AUTOS = YES_AGGRESSIVE;
				GCC_WARN_UNUSED_FUNCTION = YES;
				GCC_WARN_UNUSED_VARIABLE = YES;
				IPHONEOS_DEPLOYMENT_TARGET = 13.6;
				MTL_ENABLE_DEBUG_INFO = NO;
				MTL_FAST_MATH = YES;
				SDKROOT = iphoneos;
				SWIFT_COMPILATION_MODE = wholemodule;
				SWIFT_OPTIMIZATION_LEVEL = "-O";
				VALIDATE_PRODUCT = YES;
			};
			name = Release;
		};
		DCFFF20D2507001A00C3E436 /* Debug */ = {
			isa = XCBuildConfiguration;
			buildSettings = {
				ASSETCATALOG_COMPILER_APPICON_NAME = AppIcon;
				CODE_SIGN_STYLE = Automatic;
				DEVELOPMENT_TEAM = EN79VQJFV3;
				FRAMEWORK_SEARCH_PATHS = "";
				INFOPLIST_FILE = PokeDexApp/Info.plist;
				LD_RUNPATH_SEARCH_PATHS = (
					"$(inherited)",
					"@executable_path/Frameworks",
				);
				PRODUCT_BUNDLE_IDENTIFIER = BuildingEngines.Prism.PokeDexApp;
				PRODUCT_NAME = "$(TARGET_NAME)";
				SWIFT_VERSION = 5.0;
				TARGETED_DEVICE_FAMILY = "1,2";
			};
			name = Debug;
		};
		DCFFF20E2507001A00C3E436 /* Release */ = {
			isa = XCBuildConfiguration;
			buildSettings = {
				ASSETCATALOG_COMPILER_APPICON_NAME = AppIcon;
				CODE_SIGN_STYLE = Automatic;
				DEVELOPMENT_TEAM = EN79VQJFV3;
				FRAMEWORK_SEARCH_PATHS = "";
				INFOPLIST_FILE = PokeDexApp/Info.plist;
				LD_RUNPATH_SEARCH_PATHS = (
					"$(inherited)",
					"@executable_path/Frameworks",
				);
				PRODUCT_BUNDLE_IDENTIFIER = BuildingEngines.Prism.PokeDexApp;
				PRODUCT_NAME = "$(TARGET_NAME)";
				SWIFT_VERSION = 5.0;
				TARGETED_DEVICE_FAMILY = "1,2";
			};
			name = Release;
		};
		DCFFF2102507001A00C3E436 /* Debug */ = {
			isa = XCBuildConfiguration;
			buildSettings = {
				ALWAYS_EMBED_SWIFT_STANDARD_LIBRARIES = YES;
				BUNDLE_LOADER = "$(TEST_HOST)";
				CODE_SIGN_STYLE = Automatic;
				DEVELOPMENT_TEAM = EN79VQJFV3;
				INFOPLIST_FILE = PokeDexAppTests/Info.plist;
				IPHONEOS_DEPLOYMENT_TARGET = 13.6;
				LD_RUNPATH_SEARCH_PATHS = (
					"$(inherited)",
					"@executable_path/Frameworks",
					"@loader_path/Frameworks",
				);
				PRODUCT_BUNDLE_IDENTIFIER = BuildingEngines.Prism.PokeDexAppTests;
				PRODUCT_NAME = "$(TARGET_NAME)";
				SWIFT_VERSION = 5.0;
				TARGETED_DEVICE_FAMILY = "1,2";
				TEST_HOST = "$(BUILT_PRODUCTS_DIR)/PokeDexApp.app/PokeDexApp";
			};
			name = Debug;
		};
		DCFFF2112507001A00C3E436 /* Release */ = {
			isa = XCBuildConfiguration;
			buildSettings = {
				ALWAYS_EMBED_SWIFT_STANDARD_LIBRARIES = YES;
				BUNDLE_LOADER = "$(TEST_HOST)";
				CODE_SIGN_STYLE = Automatic;
				DEVELOPMENT_TEAM = EN79VQJFV3;
				INFOPLIST_FILE = PokeDexAppTests/Info.plist;
				IPHONEOS_DEPLOYMENT_TARGET = 13.6;
				LD_RUNPATH_SEARCH_PATHS = (
					"$(inherited)",
					"@executable_path/Frameworks",
					"@loader_path/Frameworks",
				);
				PRODUCT_BUNDLE_IDENTIFIER = BuildingEngines.Prism.PokeDexAppTests;
				PRODUCT_NAME = "$(TARGET_NAME)";
				SWIFT_VERSION = 5.0;
				TARGETED_DEVICE_FAMILY = "1,2";
				TEST_HOST = "$(BUILT_PRODUCTS_DIR)/PokeDexApp.app/PokeDexApp";
			};
			name = Release;
		};
/* End XCBuildConfiguration section */

/* Begin XCConfigurationList section */
		DCFFF1E62507001900C3E436 /* Build configuration list for PBXProject "PokeDexApp" */ = {
			isa = XCConfigurationList;
			buildConfigurations = (
				DCFFF20A2507001A00C3E436 /* Debug */,
				DCFFF20B2507001A00C3E436 /* Release */,
			);
			defaultConfigurationIsVisible = 0;
			defaultConfigurationName = Release;
		};
		DCFFF20C2507001A00C3E436 /* Build configuration list for PBXNativeTarget "PokeDexApp" */ = {
			isa = XCConfigurationList;
			buildConfigurations = (
				DCFFF20D2507001A00C3E436 /* Debug */,
				DCFFF20E2507001A00C3E436 /* Release */,
			);
			defaultConfigurationIsVisible = 0;
			defaultConfigurationName = Release;
		};
		DCFFF20F2507001A00C3E436 /* Build configuration list for PBXNativeTarget "PokeDexAppTests" */ = {
			isa = XCConfigurationList;
			buildConfigurations = (
				DCFFF2102507001A00C3E436 /* Debug */,
				DCFFF2112507001A00C3E436 /* Release */,
			);
			defaultConfigurationIsVisible = 0;
			defaultConfigurationName = Release;
		};
/* End XCConfigurationList section */
	};
	rootObject = DCFFF1E32507001900C3E436 /* Project object */;
}
